<?xml version="1.0" encoding="utf-8"?>
<Project ToolsVersion="4.0" xmlns="http://schemas.microsoft.com/developer/msbuild/2003">
  <ItemGroup>
    <Filter Include="Source Files">
      <UniqueIdentifier>{4FC737F1-C7A5-4376-A066-2A32D752A2FF}</UniqueIdentifier>
      <Extensions>cpp;c;cc;cxx;def;odl;idl;hpj;bat;asm;asmx</Extensions>
    </Filter>
    <Filter Include="Header Files">
      <UniqueIdentifier>{93995380-89BD-4b04-88EB-625FBE52EBFB}</UniqueIdentifier>
      <Extensions>h;hh;hpp;hxx;hm;inl;inc;xsd</Extensions>
    </Filter>
    <Filter Include="Resource Files">
      <UniqueIdentifier>{D9D6E242-F8AF-46E4-B9FD-80ECBC20BA3E}</UniqueIdentifier>
      <Extensions>qrc;*</Extensions>
      <ParseFiles>false</ParseFiles>
    </Filter>
    <Filter Include="Form Files">
      <UniqueIdentifier>{99349809-55BA-4b9d-BF79-8FDBB0286EB3}</UniqueIdentifier>
      <Extensions>ui</Extensions>
    </Filter>
    <Filter Include="Resource Files">
      <UniqueIdentifier>{D9D6E242-F8AF-46E4-B9FD-80ECBC20BA3E}</UniqueIdentifier>
      <Extensions>qrc;*</Extensions>
      <ParseFiles>false</ParseFiles>
    </Filter>
    <Filter Include="algorithm">
      <UniqueIdentifier>{ba2d7127-c526-455e-a661-985b59aa6c78}</UniqueIdentifier>
    </Filter>
    <Filter Include="algorithm\types">
      <UniqueIdentifier>{4e681e9e-ffa3-4a3e-beae-5f4173386d7b}</UniqueIdentifier>
    </Filter>
    <Filter Include="algorithm\selection">
      <UniqueIdentifier>{9a059591-822f-4b4a-9d92-dcef002ba131}</UniqueIdentifier>
    </Filter>
    <Filter Include="algorithm\crossover">
      <UniqueIdentifier>{916cb307-48a6-4a4d-930b-4dab577a1d91}</UniqueIdentifier>
    </Filter>
    <Filter Include="algorithm\mutation">
      <UniqueIdentifier>{1c478d82-e5d7-41af-b8a0-12a61d7de0c6}</UniqueIdentifier>
    </Filter>
    <Filter Include="dataplotting">
      <UniqueIdentifier>{77e48785-704e-4d2a-84ec-b031252adeae}</UniqueIdentifier>
    </Filter>
  </ItemGroup>
  <ItemGroup>
    <ClCompile Include="main.cpp">
      <Filter>Source Files</Filter>
    </ClCompile>
    <ClCompile Include="GenAlgorithm.cpp">
      <Filter>Source Files</Filter>
    </ClCompile>
    <ClCompile Include="algorithm\InputDataParser.cpp">
      <Filter>algorithm</Filter>
    </ClCompile>
    <ClCompile Include="algorithm\PopulationManager.cpp">
      <Filter>algorithm</Filter>
    </ClCompile>
    <ClCompile Include="algorithm\selection\BestIndividualSelector.cpp">
      <Filter>algorithm\selection</Filter>
    </ClCompile>
    <ClCompile Include="algorithm\selection\TournamentSelector.cpp">
      <Filter>algorithm\selection</Filter>
    </ClCompile>
    <ClCompile Include="algorithm\ServicesFactory.cpp">
      <Filter>algorithm</Filter>
    </ClCompile>
    <ClCompile Include="algorithm\crossover\OnePointCrossover.cpp">
      <Filter>algorithm\crossover</Filter>
    </ClCompile>
    <ClCompile Include="algorithm\mutation\BoundaryMutator.cpp">
      <Filter>algorithm\mutation</Filter>
    </ClCompile>
    <ClCompile Include="algorithm\selection\RouletteSelector.cpp">
      <Filter>algorithm\selection</Filter>
    </ClCompile>
    <ClCompile Include="algorithm\mutation\PointMutator.cpp">
      <Filter>algorithm\mutation</Filter>
    </ClCompile>
    <ClCompile Include="algorithm\Inverter.cpp">
      <Filter>algorithm</Filter>
    </ClCompile>
    <ClCompile Include="algorithm\crossover\TwoPointCrossover.cpp">
      <Filter>algorithm\crossover</Filter>
    </ClCompile>
    <ClCompile Include="algorithm\crossover\HomogeneousCrossover.cpp">
      <Filter>algorithm\crossover</Filter>
    </ClCompile>
    <ClCompile Include="algorithm\crossover\ICrossover.cpp">
      <Filter>algorithm\crossover</Filter>
    </ClCompile>
    <ClCompile Include="dataplotting\IterationValuePlotter.cpp">
      <Filter>dataplotting</Filter>
    </ClCompile>
    <ClCompile Include="dataplotting\DataWriter.cpp">
      <Filter>dataplotting</Filter>
    </ClCompile>
  </ItemGroup>
  <ItemGroup>
    <QtMoc Include="GenAlgorithm.h">
      <Filter>Header Files</Filter>
    </QtMoc>
  </ItemGroup>
  <ItemGroup>
    <QtUic Include="GenAlgorithm.ui">
      <Filter>Form Files</Filter>
    </QtUic>
  </ItemGroup>
  <ItemGroup>
    <QtRcc Include="GenAlgorithm.qrc">
      <Filter>Resource Files</Filter>
    </QtRcc>
  </ItemGroup>
  <ItemGroup>
    <ClInclude Include="algorithm\InputDataParser.h">
      <Filter>algorithm</Filter>
    </ClInclude>
    <ClInclude Include="algorithm\types\Crossovers.h">
      <Filter>algorithm\types</Filter>
    </ClInclude>
    <ClInclude Include="algorithm\types\Mutations.h">
      <Filter>algorithm\types</Filter>
    </ClInclude>
    <ClInclude Include="algorithm\types\SelectionMethods.h">
      <Filter>algorithm\types</Filter>
    </ClInclude>
    <ClInclude Include="algorithm\types\InputData.h">
      <Filter>algorithm\types</Filter>
    </ClInclude>
    <ClInclude Include="algorithm\PopulationManager.h">
      <Filter>algorithm</Filter>
    </ClInclude>
    <ClInclude Include="algorithm\types\Bitset.h">
      <Filter>algorithm\types</Filter>
    </ClInclude>
    <ClInclude Include="algorithm\selection\BestIndividualSelector.h">
      <Filter>algorithm\selection</Filter>
    </ClInclude>
    <ClInclude Include="algorithm\selection\ISelector.h">
      <Filter>algorithm\selection</Filter>
    </ClInclude>
    <ClInclude Include="algorithm\selection\TournamentSelector.h">
      <Filter>algorithm\selection</Filter>
    </ClInclude>
    <ClInclude Include="algorithm\types\MainTypes.h">
      <Filter>algorithm\types</Filter>
    </ClInclude>
    <ClInclude Include="algorithm\ServicesFactory.h">
      <Filter>algorithm</Filter>
    </ClInclude>
    <ClInclude Include="algorithm\crossover\OnePointCrossover.h">
      <Filter>algorithm\crossover</Filter>
    </ClInclude>
    <ClInclude Include="algorithm\crossover\ICrossover.h">
      <Filter>algorithm\crossover</Filter>
    </ClInclude>
    <ClInclude Include="algorithm\mutation\BoundaryMutator.h">
      <Filter>algorithm\mutation</Filter>
    </ClInclude>
    <ClInclude Include="algorithm\mutation\IMutator.h">
      <Filter>algorithm\mutation</Filter>
    </ClInclude>
    <ClInclude Include="algorithm\selection\RouletteSelector.h">
      <Filter>algorithm\selection</Filter>
    </ClInclude>
    <ClInclude Include="algorithm\mutation\PointMutator.h">
      <Filter>algorithm\mutation</Filter>
    </ClInclude>
    <ClInclude Include="algorithm\Inverter.h">
      <Filter>algorithm</Filter>
    </ClInclude>
    <ClInclude Include="algorithm\crossover\TwoPointCrossover.h">
      <Filter>algorithm\crossover</Filter>
    </ClInclude>
    <ClInclude Include="algorithm\crossover\HomogeneousCrossover.h">
      <Filter>algorithm\crossover</Filter>
    </ClInclude>
    <ClInclude Include="dataplotting\IterationValuePlotter.h">
      <Filter>dataplotting</Filter>
    </ClInclude>
    <ClInclude Include="dataplotting\DataWriter.h">
      <Filter>dataplotting</Filter>
    </ClInclude>
  </ItemGroup>
</Project>